
Microsoft Visual Studio Solution File, Format Version 9.00
# Visual Studio 2005
Project("{8BC9CEB8-8B4A-11D0-8D11-00A0C91BC942}") = "FaridAlg", "FaridAlg\FaridAlg.vcproj", "{61030870-2516-4AD3-8C8A-6C071AAEE03F}"
EndProject
Global
	GlobalSection(SolutionConfigurationPlatforms) = preSolution
		Debug|Win32 = Debug|Win32
		Release|Win32 = Release|Win32
	EndGlobalSection
	GlobalSection(ProjectConfigurationPlatforms) = postSolution
		{61030870-2516-4AD3-8C8A-6C071AAEE03F}.Debug|Win32.ActiveCfg = Debug|Win32
		{61030870-2516-4AD3-8C8A-6C071AAEE03F}.Debug|Win32.Build.0 = Debug|Win32
		{61030870-2516-4AD3-8C8A-6C071AAEE03F}.Release|Win32.ActiveCfg = Release|Win32
		{61030870-2516-4AD3-8C8A-6C071AAEE03F}.Release|Win32.Build.0 = Release|Win32
	EndGlobalSection
	GlobalSection(SolutionProperties) = preSolution
		HideSolutionNode = FALSE
	EndGlobalSection
EndGlobal
